
Microsoft Visual Studio Solution File, Format Version 12.00
# Visual Studio Version 16
VisualStudioVersion = 16.0.31313.79
MinimumVisualStudioVersion = 10.0.40219.1
Project("{2150E333-8FDC-42A3-9474-1A3956D46DE8}") = "02 - Domain", "02 - Domain", "{783D4607-5A56-477A-ACF1-AAEC4513E6B4}"
EndProject
Project("{2150E333-8FDC-42A3-9474-1A3956D46DE8}") = "01 - Apresentation", "01 - Apresentation", "{DBEDDE80-3F55-45DA-83F5-226F5C49DF47}"
EndProject
Project("{2150E333-8FDC-42A3-9474-1A3956D46DE8}") = "03 - Infrastructure", "03 - Infrastructure", "{9A74C6C9-28EB-4A48-840E-22A6B6D2E6E9}"
EndProject
Project("{FAE04EC0-301F-11D3-BF4B-00C04F79EFBC}") = "ECFCore.Pedidos.Domain", "ECFCore.Pedidos.Domain\ECFCore.Pedidos.Domain.csproj", "{10B08505-90F1-4692-AE31-B8027F370A0A}"
EndProject
Global
	GlobalSection(SolutionConfigurationPlatforms) = preSolution
		Debug|Any CPU = Debug|Any CPU
		Release|Any CPU = Release|Any CPU
	EndGlobalSection
	GlobalSection(ProjectConfigurationPlatforms) = postSolution
		{10B08505-90F1-4692-AE31-B8027F370A0A}.Debug|Any CPU.ActiveCfg = Debug|Any CPU
		{10B08505-90F1-4692-AE31-B8027F370A0A}.Debug|Any CPU.Build.0 = Debug|Any CPU
		{10B08505-90F1-4692-AE31-B8027F370A0A}.Release|Any CPU.ActiveCfg = Release|Any CPU
		{10B08505-90F1-4692-AE31-B8027F370A0A}.Release|Any CPU.Build.0 = Release|Any CPU
	EndGlobalSection
	GlobalSection(SolutionProperties) = preSolution
		HideSolutionNode = FALSE
	EndGlobalSection
	GlobalSection(NestedProjects) = preSolution
		{10B08505-90F1-4692-AE31-B8027F370A0A} = {783D4607-5A56-477A-ACF1-AAEC4513E6B4}
	EndGlobalSection
	GlobalSection(ExtensibilityGlobals) = postSolution
		SolutionGuid = {BA43E620-1AFB-4AEE-A7F2-D40E56585601}
	EndGlobalSection
EndGlobal
